{"filter":false,"title":"package-lock.json","tooltip":"/Backend/API/package-lock.json","undoManager":{"mark":-1,"position":-1,"stack":[]},"ace":{"folds":[],"scrolltop":75,"scrollleft":0,"selection":{"start":{"row":0,"column":0},"end":{"row":0,"column":0},"isBackwards":false},"options":{"guessTabSize":true,"useWrapMode":false,"wrapToView":true},"firstLineState":0},"timestamp":1607216644867,"hash":"5a7ed340ec26d7f98334fd02ab9b53ca05e4ca78"}